// !$*UTF8*$!
{
	archiveVersion = 1;
	classes = {
	};
	objectVersion = 48;
	objects = {

/* Begin PBXBuildFile section */
		D48758501FEB90F700BD76EB /* AppDelegate.swift in Sources */ = {isa = PBXBuildFile; fileRef = D487584F1FEB90F700BD76EB /* AppDelegate.swift */; };
		D48758521FEB90F700BD76EB /* ViewController.swift in Sources */ = {isa = PBXBuildFile; fileRef = D48758511FEB90F700BD76EB /* ViewController.swift */; };
		D48758551FEB90F700BD76EB /* Main.storyboard in Resources */ = {isa = PBXBuildFile; fileRef = D48758531FEB90F700BD76EB /* Main.storyboard */; };
		D48758571FEB90F700BD76EB /* Assets.xcassets in Resources */ = {isa = PBXBuildFile; fileRef = D48758561FEB90F700BD76EB /* Assets.xcassets */; };
		D487585A1FEB90F700BD76EB /* LaunchScreen.storyboard in Resources */ = {isa = PBXBuildFile; fileRef = D48758581FEB90F700BD76EB /* LaunchScreen.storyboard */; };
		D4941D071FFCB1C200F97CA4 /* center.png in Resources */ = {isa = PBXBuildFile; fileRef = D4941D061FFCB1C100F97CA4 /* center.png */; };
/* End PBXBuildFile section */

/* Begin PBXFileReference section */
		D487584C1FEB90F700BD76EB /* MoveMapButMarkerFixedInCenterSwift.app */ = {isa = PBXFileReference; explicitFileType = wrapper.application; includeInIndex = 0; path = MoveMapButMarkerFixedInCenterSwift.app; sourceTree = BUILT_PRODUCTS_DIR; };
		D487584F1FEB90F700BD76EB /* AppDelegate.swift */ = {isa = PBXFileReference; lastKnownFileType = sourcecode.swift; path = AppDelegate.swift; sourceTree = "<group>"; };
		D48758511FEB90F700BD76EB /* ViewController.swift */ = {isa = PBXFileReference; lastKnownFileType = sourcecode.swift; path = ViewController.swift; sourceTree = "<group>"; };
		D48758541FEB90F700BD76EB /* Base */ = {isa = PBXFileReference; lastKnownFileType = file.storyboard; name = Base; path = Base.lproj/Main.storyboard; sourceTree = "<group>"; };
		D48758561FEB90F700BD76EB /* Assets.xcassets */ = {isa = PBXFileReference; lastKnownFileType = folder.assetcatalog; path = Assets.xcassets; sourceTree = "<group>"; };
		D48758591FEB90F700BD76EB /* Base */ = {isa = PBXFileReference; lastKnownFileType = file.storyboard; name = Base; path = Base.lproj/LaunchScreen.storyboard; sourceTree = "<group>"; };
		D487585B1FEB90F700BD76EB /* Info.plist */ = {isa = PBXFileReference; lastKnownFileType = text.plist.xml; path = Info.plist; sourceTree = "<group>"; };
		D4941D061FFCB1C100F97CA4 /* center.png */ = {isa = PBXFileReference; lastKnownFileType = image.png; path = center.png; sourceTree = "<group>"; };
/* End PBXFileReference section */

/* Begin PBXFrameworksBuildPhase section */
		D48758491FEB90F700BD76EB /* Frameworks */ = {
			isa = PBXFrameworksBuildPhase;
			buildActionMask = 2147483647;
			files = (
			);
			runOnlyForDeploymentPostprocessing = 0;
		};
/* End PBXFrameworksBuildPhase section */

/* Begin PBXGroup section */
		D48758431FEB90F700BD76EB = {
			isa = PBXGroup;
			children = (
				D487584E1FEB90F700BD76EB /* MoveMapButMarkerFixedInCenterSwift */,
				D487584D1FEB90F700BD76EB /* Products */,
			);
			sourceTree = "<group>";
		};
		D487584D1FEB90F700BD76EB /* Products */ = {
			isa = PBXGroup;
			children = (
				D487584C1FEB90F700BD76EB /* MoveMapButMarkerFixedInCenterSwift.app */,
			);
			name = Products;
			sourceTree = "<group>";
		};
		D487584E1FEB90F700BD76EB /* MoveMapButMarkerFixedInCenterSwift */ = {
			isa = PBXGroup;
			children = (
				D487584F1FEB90F700BD76EB /* AppDelegate.swift */,
				D48758511FEB90F700BD76EB /* ViewController.swift */,
				D4941D061FFCB1C100F97CA4 /* center.png */,
				D48758531FEB90F700BD76EB /* Main.storyboard */,
				D48758561FEB90F700BD76EB /* Assets.xcassets */,
				D48758581FEB90F700BD76EB /* LaunchScreen.storyboard */,
				D487585B1FEB90F700BD76EB /* Info.plist */,
			);
			path = MoveMapButMarkerFixedInCenterSwift;
			sourceTree = "<group>";
		};
/* End PBXGroup section */

/* Begin PBXNativeTarget section */
		D487584B1FEB90F700BD76EB /* MoveMapButMarkerFixedInCenterSwift */ = {
			isa = PBXNativeTarget;
			buildConfigurationList = D487585E1FEB90F700BD76EB /* Build configuration list for PBXNativeTarget "MoveMapButMarkerFixedInCenterSwift" */;
			buildPhases = (
				D48758481FEB90F700BD76EB /* Sources */,
				D48758491FEB90F700BD76EB /* Frameworks */,
				D487584A1FEB90F700BD76EB /* Resources */,
			);
			buildRules = (
			);
			dependencies = (
			);
			name = MoveMapButMarkerFixedInCenterSwift;
			productName = MoveMapButMarkerFixedInCenterSwift;
			productReference = D487584C1FEB90F700BD76EB /* MoveMapButMarkerFixedInCenterSwift.app */;
			productType = "com.apple.product-type.application";
		};
/* End PBXNativeTarget section */

/* Begin PBXProject section */
		D48758441FEB90F700BD76EB /* Project object */ = {
			isa = PBXProject;
			attributes = {
				LastSwiftUpdateCheck = 0920;
				LastUpgradeCheck = 0920;
				ORGANIZATIONNAME = "Pawan Kumar";
				TargetAttributes = {
					D487584B1FEB90F700BD76EB = {
						CreatedOnToolsVersion = 9.2;
						ProvisioningStyle = Automatic;
					};
				};
			};
			buildConfigurationList = D48758471FEB90F700BD76EB /* Build configuration list for PBXProject "MoveMapButMarkerFixedInCenterSwift" */;
			compatibilityVersion = "Xcode 8.0";
			developmentRegion = en;
			hasScannedForEncodings = 0;
			knownRegions = (
				en,
				Base,
			);
			mainGroup = D48758431FEB90F700BD76EB;
			productRefGroup = D487584D1FEB90F700BD76EB /* Products */;
			projectDirPath = "";
			projectRoot = "";
			targets = (
				D487584B1FEB90F700BD76EB /* MoveMapButMarkerFixedInCenterSwift */,
			);
		};
/* End PBXProject section */

/* Begin PBXResourcesBuildPhase section */
		D487584A1FEB90F700BD76EB /* Resources */ = {
			isa = PBXResourcesBuildPhase;
			buildActionMask = 2147483647;
			files = (
				D487585A1FEB90F700BD76EB /* LaunchScreen.storyboard in Resources */,
				D48758571FEB90F700BD76EB /* Assets.xcassets in Resources */,
				D4941D071FFCB1C200F97CA4 /* center.png in Resources */,
				D48758551FEB90F700BD76EB /* Main.storyboard in Resources */,
			);
			runOnlyForDeploymentPostprocessing = 0;
		};
/* End PBXResourcesBuildPhase section */

/* Begin PBXSourcesBuildPhase section */
		D48758481FEB90F700BD76EB /* Sources */ = {
			isa = PBXSourcesBuildPhase;
			buildActionMask = 2147483647;
			files = (
				D48758521FEB90F700BD76EB /* ViewController.swift in Sources */,
				D48758501FEB90F700BD76EB /* AppDelegate.swift in Sources */,
			);
			runOnlyForDeploymentPostprocessing = 0;
		};
/* End PBXSourcesBuildPhase section */

/* Begin PBXVariantGroup section */
		D48758531FEB90F700BD76EB /* Main.storyboard */ = {
			isa = PBXVariantGroup;
			children = (
				D48758541FEB90F700BD76EB /* Base */,
			);
			name = Main.storyboard;
			sourceTree = "<group>";
		};
		D48758581FEB90F700BD76EB /* LaunchScreen.storyboard */ = {
			isa = PBXVariantGroup;
			children = (
				D48758591FEB90F700BD76EB /* Base */,
			);
			name = LaunchScreen.storyboard;
			sourceTree = "<group>";
		};
/* End PBXVariantGroup section */

/* Begin XCBuildConfiguration section */
		D487585C1FEB90F700BD76EB /* Debug */ = {
			isa = XCBuildConfiguration;
			buildSettings = {
				ALWAYS_SEARCH_USER_PATHS = NO;
				CLANG_ANALYZER_NONNULL = YES;
				CLANG_ANALYZER_NUMBER_OBJECT_CONVERSION = YES_AGGRESSIVE;
				CLANG_CXX_LANGUAGE_STANDARD = "gnu++14";
				CLANG_CXX_LIBRARY = "libc++";
				CLANG_ENABLE_MODULES = YES;
				CLANG_ENABLE_OBJC_ARC = YES;
				CLANG_WARN_BLOCK_CAPTURE_AUTORELEASING = YES;
				CLANG_WARN_BOOL_CONVERSION = YES;
				CLANG_WARN_COMMA = YES;
				CLANG_WARN_CONSTANT_CONVERSION = YES;
				CLANG_WARN_DIRECT_OBJC_ISA_USAGE = YES_ERROR;
				CLANG_WARN_DOCUMENTATION_COMMENTS = YES;
				CLANG_WARN_EMPTY_BODY = YES;
				CLANG_WARN_ENUM_CONVERSION = YES;
				CLANG_WARN_INFINITE_RECURSION = YES;
				CLANG_WARN_INT_CONVERSION = YES;
				CLANG_WARN_NON_LITERAL_NULL_CONVERSION = YES;
				CLANG_WARN_OBJC_LITERAL_CONVERSION = YES;
				CLANG_WARN_OBJC_ROOT_CLASS = YES_ERROR;
				CLANG_WARN_RANGE_LOOP_ANALYSIS = YES;
				CLANG_WARN_STRICT_PROTOTYPES = YES;
				CLANG_WARN_SUSPICIOUS_MOVE = YES;
				CLANG_WARN_UNGUARDED_AVAILABILITY = YES_AGGRESSIVE;
				CLANG_WARN_UNREACHABLE_CODE = YES;
				CLANG_WARN__DUPLICATE_METHOD_MATCH = YES;
				CODE_SIGN_IDENTITY = "iPhone Developer";
				COPY_PHASE_STRIP = NO;
				DEBUG_INFORMATION_FORMAT = dwarf;
				ENABLE_STRICT_OBJC_MSGSEND = YES;
				ENABLE_TESTABILITY = YES;
				GCC_C_LANGUAGE_STANDARD = gnu11;
				GCC_DYNAMIC_NO_PIC = NO;
				GCC_NO_COMMON_BLOCKS = YES;
				GCC_OPTIMIZATION_LEVEL = 0;
				GCC_PREPROCESSOR_DEFINITIONS = (
					"DEBUG=1",
					"$(inherited)",
				);
				GCC_WARN_64_TO_32_BIT_CONVERSION = YES;
				GCC_WARN_ABOUT_RETURN_TYPE = YES_ERROR;
				GCC_WARN_UNDECLARED_SELECTOR = YES;
				GCC_WARN_UNINITIALIZED_AUTOS = YES_AGGRESSIVE;
				GCC_WARN_UNUSED_FUNCTION = YES;
				GCC_WARN_UNUSED_VARIABLE = YES;
				IPHONEOS_DEPLOYMENT_TARGET = 9.0;
				MTL_ENABLE_DEBUG_INFO = YES;
				ONLY_ACTIVE_ARCH = YES;
				SDKROOT = iphoneos;
				SWIFT_ACTIVE_COMPILATION_CONDITIONS = DEBUG;
				SWIFT_OPTIMIZATION_LEVEL = "-Onone";
			};
			name = Debug;
		};
		D487585D1FEB90F700BD76EB /* Release */ = {
			isa = XCBuildConfiguration;
			buildSettings = {
				ALWAYS_SEARCH_USER_PATHS = NO;
				CLANG_ANALYZER_NONNULL = YES;
				CLANG_ANALYZER_NUMBER_OBJECT_CONVERSION = YES_AGGRESSIVE;
				CLANG_CXX_LANGUAGE_STANDARD = "gnu++14";
				CLANG_CXX_LIBRARY = "libc++";
				CLANG_ENABLE_MODULES = YES;
				CLANG_ENABLE_OBJC_ARC = YES;
				CLANG_WARN_BLOCK_CAPTURE_AUTORELEASING = YES;
				CLANG_WARN_BOOL_CONVERSION = YES;
				CLANG_WARN_COMMA = YES;
				CLANG_WARN_CONSTANT_CONVERSION = YES;
				CLANG_WARN_DIRECT_OBJC_ISA_USAGE = YES_ERROR;
				CLANG_WARN_DOCUMENTATION_COMMENTS = YES;
				CLANG_WARN_EMPTY_BODY = YES;
				CLANG_WARN_ENUM_CONVERSION = YES;
				CLANG_WARN_INFINITE_RECURSION = YES;
				CLANG_WARN_INT_CONVERSION = YES;
				CLANG_WARN_NON_LITERAL_NULL_CONVERSION = YES;
				CLANG_WARN_OBJC_LITERAL_CONVERSION = YES;
				CLANG_WARN_OBJC_ROOT_CLASS = YES_ERROR;
				CLANG_WARN_RANGE_LOOP_ANALYSIS = YES;
				CLANG_WARN_STRICT_PROTOTYPES = YES;
				CLANG_WARN_SUSPICIOUS_MOVE = YES;
				CLANG_WARN_UNGUARDED_AVAILABILITY = YES_AGGRESSIVE;
				CLANG_WARN_UNREACHABLE_CODE = YES;
				CLANG_WARN__DUPLICATE_METHOD_MATCH = YES;
				CODE_SIGN_IDENTITY = "iPhone Developer";
				COPY_PHASE_STRIP = NO;
				DEBUG_INFORMATION_FORMAT = "dwarf-with-dsym";
				ENABLE_NS_ASSERTIONS = NO;
				ENABLE_STRICT_OBJC_MSGSEND = YES;
				GCC_C_LANGUAGE_STANDARD = gnu11;
				GCC_NO_COMMON_BLOCKS = YES;
				GCC_WARN_64_TO_32_BIT_CONVERSION = YES;
				GCC_WARN_ABOUT_RETURN_TYPE = YES_ERROR;
				GCC_WARN_UNDECLARED_SELECTOR = YES;
				GCC_WARN_UNINITIALIZED_AUTOS = YES_AGGRESSIVE;
				GCC_WARN_UNUSED_FUNCTION = YES;
				GCC_WARN_UNUSED_VARIABLE = YES;
				IPHONEOS_DEPLOYMENT_TARGET = 9.0;
				MTL_ENABLE_DEBUG_INFO = NO;
				SDKROOT = iphoneos;
				SWIFT_OPTIMIZATION_LEVEL = "-Owholemodule";
				VALIDATE_PRODUCT = YES;
			};
			name = Release;
		};
		D487585F1FEB90F700BD76EB /* Debug */ = {
			isa = XCBuildConfiguration;
			buildSettings = {
				ASSETCATALOG_COMPILER_APPICON_NAME = AppIcon;
				CODE_SIGN_STYLE = Automatic;
				DEVELOPMENT_TEAM = E638AEDMEK;
				INFOPLIST_FILE = MoveMapButMarkerFixedInCenterSwift/Info.plist;
				IPHONEOS_DEPLOYMENT_TARGET = 9.0;
				LD_RUNPATH_SEARCH_PATHS = "$(inherited) @executable_path/Frameworks";
				PRODUCT_BUNDLE_IDENTIFIER = com.pk.MoveMapButMarkerFixedInCenterSwift;
				PRODUCT_NAME = "$(TARGET_NAME)";
				SWIFT_VERSION = 4.0;
				TARGETED_DEVICE_FAMILY = "1,2";
			};
			name = Debug;
		};
		D48758601FEB90F700BD76EB /* Release */ = {
			isa = XCBuildConfiguration;
			buildSettings = {
				ASSETCATALOG_COMPILER_APPICON_NAME = AppIcon;
				CODE_SIGN_STYLE = Automatic;
				DEVELOPMENT_TEAM = E638AEDMEK;
				INFOPLIST_FILE = MoveMapButMarkerFixedInCenterSwift/Info.plist;
				IPHONEOS_DEPLOYMENT_TARGET = 9.0;
				LD_RUNPATH_SEARCH_PATHS = "$(inherited) @executable_path/Frameworks";
				PRODUCT_BUNDLE_IDENTIFIER = com.pk.MoveMapButMarkerFixedInCenterSwift;
				PRODUCT_NAME = "$(TARGET_NAME)";
				SWIFT_VERSION = 4.0;
				TARGETED_DEVICE_FAMILY = "1,2";
			};
			name = Release;
		};
/* End XCBuildConfiguration section */

/* Begin XCConfigurationList section */
		D48758471FEB90F700BD76EB /* Build configuration list for PBXProject "MoveMapButMarkerFixedInCenterSwift" */ = {
			isa = XCConfigurationList;
			buildConfigurations = (
				D487585C1FEB90F700BD76EB /* Debug */,
				D487585D1FEB90F700BD76EB /* Release */,
			);
			defaultConfigurationIsVisible = 0;
			defaultConfigurationName = Release;
		};
		D487585E1FEB90F700BD76EB /* Build configuration list for PBXNativeTarget "MoveMapButMarkerFixedInCenterSwift" */ = {
			isa = XCConfigurationList;
			buildConfigurations = (
				D487585F1FEB90F700BD76EB /* Debug */,
				D48758601FEB90F700BD76EB /* Release */,
			);
			defaultConfigurationIsVisible = 0;
			defaultConfigurationName = Release;
		};
/* End XCConfigurationList section */
	};
	rootObject = D48758441FEB90F700BD76EB /* Project object */;
}
